{
  "nodes": {
    "dictconfig": {
      "inputs": {
        "nixpkgs": [
          "nixpkgs"
        ]
      },
      "locked": {
        "lastModified": 1644187513,
        "narHash": "sha256-1PrVTiClDV2vohxiAa3DRcmSFw7I9WCQn2ZsDiV5Om8=",
        "owner": "eldridgejm",
        "repo": "dictconfig",
        "rev": "3db0e7edda59a162d64c9a7ac441e1c5bf848eda",
        "type": "github"
      },
      "original": {
        "owner": "eldridgejm",
        "ref": "master",
        "repo": "dictconfig",
        "type": "github"
      }
    },
    "nixpkgs": {
      "locked": {
        "lastModified": 1699994397,
        "narHash": "sha256-xxNeIcMNMXH2EA9IAX6Cny+50mvY22LhIBiGZV363gc=",
        "owner": "NixOS",
        "repo": "nixpkgs",
        "rev": "d4b5a67bbe9ef750bd2fdffd4cad400dd5553af8",
        "type": "github"
      },
      "original": {
        "owner": "NixOS",
        "ref": "nixos-23.05",
        "repo": "nixpkgs",
        "type": "github"
      }
    },
    "panprob": {
      "inputs": {
        "nixpkgs": [
          "nixpkgs"
        ]
      },
      "locked": {
        "lastModified": 1700419448,
        "narHash": "sha256-AHdXGxVKEgT09jzJgrUeRQdUoXN/bv7aH0QuEKM9Y4M=",
        "owner": "eldridgejm",
        "repo": "panprob",
        "rev": "0c3a8d0dcc3c0ca583222a1f3b93398e5c9708bd",
        "type": "github"
      },
      "original": {
        "owner": "eldridgejm",
        "ref": "0.1.0",
        "repo": "panprob",
        "type": "github"
      }
    },
    "root": {
      "inputs": {
        "dictconfig": "dictconfig",
        "nixpkgs": "nixpkgs",
        "panprob": "panprob"
      }
    }
  },
  "root": "root",
  "version": 7
}
