{
  "nodes": {
    "dictconfig": {
      "inputs": {
        "nixpkgs": [
          "nixpkgs"
        ]
      },
      "locked": {
        "lastModified": 1790099271,
        "narHash": "sha256-Q2iGgQxuGpJIsO4AVkUzhIp70uoFN+IpfKoFl9xGWI8=",
        "owner": "eldridgejm",
        "repo": "dictconfig",
        "rev": "bc0de1315d1c0a233e0daeca5c178b07317d38c5",
        "type": "github"
      },
      "original": {
        "owner": "eldridgejm",
        "ref": "master",
        "repo": "dictconfig",
        "type": "github"
      }
    },
    "nixpkgs": {
      "locked": {
        "lastModified": 1700403855,
        "narHash": "sha256-Q0Uzjik9kUTN9pd/kp52XJi5kletBhy29ctBlAG+III=",
        "owner": "NixOS",
        "repo": "nixpkgs",
        "rev": "0c5678df521e1407884205fe3ce3cf1d7df297db",
        "type": "github"
      },
      "original": {
        "owner": "NixOS",
        "ref": "nixos-23.05",
        "repo": "nixpkgs",
        "type": "github"
      }
    },
    "panprob": {
      "inputs": {
        "nixpkgs": [
          "nixpkgs"
        ]
      },
      "locked": {
        "lastModified": 1790099271,
        "narHash": "sha256-jsI0YGxYs82Jf9ADAvDKgHRTn8RrUzO0qnAOSQpMujk=",
        "owner": "eldridgejm",
        "repo": "panprob",
        "rev": "e7b2a451f6c3bf994ea68a800df906b1b4f64c05",
        "type": "github"
      },
      "original": {
        "owner": "eldridgejm",
        "ref": "0.1.5",
        "repo": "panprob",
        "type": "github"
      }
    },
    "root": {
      "inputs": {
        "dictconfig": "dictconfig",
        "nixpkgs": "nixpkgs",
        "panprob": "panprob"
      }
    }
  },
  "root": "root",
  "version": 7
}
